
Microsoft Visual Studio Solution File, Format Version 12.00
# Visual Studio Version 17
VisualStudioVersion = 17.11.35327.3
MinimumVisualStudioVersion = 10.0.40219.1
Project("{9A19103F-16F7-4668-BE54-9A1E7A4F7556}") = "Example_1", "CodeOptimization\Example_1.csproj", "{618D760B-7640-4AD5-B430-DE10601D961E}"
EndProject
Project("{9A19103F-16F7-4668-BE54-9A1E7A4F7556}") = "Example_1_Solution", "Example_1_Solution\Example_1_Solution.csproj", "{86E99758-E58A-43AE-94DE-59E4FBB6A36B}"
EndProject
Project("{9A19103F-16F7-4668-BE54-9A1E7A4F7556}") = "Example2", "Example2\Example2.csproj", "{3EA09777-F81C-4A0E-A69E-C3DF0D967C77}"
EndProject
Project("{9A19103F-16F7-4668-BE54-9A1E7A4F7556}") = "Example2_Solution", "Example2_Solution\Example2_Solution.csproj", "{86243ED4-F181-46F3-8E99-2E4DE8633B4A}"
EndProject
Project("{9A19103F-16F7-4668-BE54-9A1E7A4F7556}") = "Example3", "Example3\Example3.csproj", "{A420E2DB-54A4-4E53-AA95-65F5DCAF456B}"
EndProject
Project("{9A19103F-16F7-4668-BE54-9A1E7A4F7556}") = "Example4_LinQ", "Example4\Example4_LinQ.csproj", "{BBA37764-4CBB-4FA6-8218-99E02401FA25}"
EndProject
Project("{9A19103F-16F7-4668-BE54-9A1E7A4F7556}") = "MissionSpan.Console", "MissionSpan.Console\MissionSpan.Console.csproj", "{425A2DCD-0C6E-4983-8E57-58EBCECD859F}"
EndProject
Project("{9A19103F-16F7-4668-BE54-9A1E7A4F7556}") = "BinaryTree_WrongApproach", "BinaryTree_WrongApproach\BinaryTree_WrongApproach.csproj", "{0C600C5B-6DC4-4D2D-8E2F-F121B11228FE}"
EndProject
Project("{9A19103F-16F7-4668-BE54-9A1E7A4F7556}") = "OneOf.Console", "OneOf.Console\OneOf.Console.csproj", "{37671120-3111-4DA5-8E57-7CCF658F2ACC}"
EndProject
Project("{9A19103F-16F7-4668-BE54-9A1E7A4F7556}") = "OneOf.Api", "OneOf.Api\OneOf.Api.csproj", "{305FEF9A-AB91-45DE-9DA7-2E943192A754}"
EndProject
Project("{9A19103F-16F7-4668-BE54-9A1E7A4F7556}") = "Example_5", "Example_5\Example_5.csproj", "{5B11F85A-0C56-43C4-A0E4-C0EFE2FE24E8}"
EndProject
Project("{9A19103F-16F7-4668-BE54-9A1E7A4F7556}") = "Example6", "Example6\Example6.csproj", "{77AA4453-2089-4FDA-8DEF-7BB84B56FE82}"
EndProject
Project("{FAE04EC0-301F-11D3-BF4B-00C04F79EFBC}") = "Example7", "Example7\Example7.csproj", "{36D78266-B8EC-4D0D-B2CE-2C37EE017977}"
EndProject
Global
	GlobalSection(SolutionConfigurationPlatforms) = preSolution
		Debug|Any CPU = Debug|Any CPU
		Release|Any CPU = Release|Any CPU
	EndGlobalSection
	GlobalSection(ProjectConfigurationPlatforms) = postSolution
		{618D760B-7640-4AD5-B430-DE10601D961E}.Debug|Any CPU.ActiveCfg = Debug|Any CPU
		{618D760B-7640-4AD5-B430-DE10601D961E}.Debug|Any CPU.Build.0 = Debug|Any CPU
		{618D760B-7640-4AD5-B430-DE10601D961E}.Release|Any CPU.ActiveCfg = Release|Any CPU
		{618D760B-7640-4AD5-B430-DE10601D961E}.Release|Any CPU.Build.0 = Release|Any CPU
		{86E99758-E58A-43AE-94DE-59E4FBB6A36B}.Debug|Any CPU.ActiveCfg = Debug|Any CPU
		{86E99758-E58A-43AE-94DE-59E4FBB6A36B}.Debug|Any CPU.Build.0 = Debug|Any CPU
		{86E99758-E58A-43AE-94DE-59E4FBB6A36B}.Release|Any CPU.ActiveCfg = Release|Any CPU
		{86E99758-E58A-43AE-94DE-59E4FBB6A36B}.Release|Any CPU.Build.0 = Release|Any CPU
		{3EA09777-F81C-4A0E-A69E-C3DF0D967C77}.Debug|Any CPU.ActiveCfg = Debug|Any CPU
		{3EA09777-F81C-4A0E-A69E-C3DF0D967C77}.Debug|Any CPU.Build.0 = Debug|Any CPU
		{3EA09777-F81C-4A0E-A69E-C3DF0D967C77}.Release|Any CPU.ActiveCfg = Release|Any CPU
		{3EA09777-F81C-4A0E-A69E-C3DF0D967C77}.Release|Any CPU.Build.0 = Release|Any CPU
		{86243ED4-F181-46F3-8E99-2E4DE8633B4A}.Debug|Any CPU.ActiveCfg = Debug|Any CPU
		{86243ED4-F181-46F3-8E99-2E4DE8633B4A}.Debug|Any CPU.Build.0 = Debug|Any CPU
		{86243ED4-F181-46F3-8E99-2E4DE8633B4A}.Release|Any CPU.ActiveCfg = Release|Any CPU
		{86243ED4-F181-46F3-8E99-2E4DE8633B4A}.Release|Any CPU.Build.0 = Release|Any CPU
		{A420E2DB-54A4-4E53-AA95-65F5DCAF456B}.Debug|Any CPU.ActiveCfg = Debug|Any CPU
		{A420E2DB-54A4-4E53-AA95-65F5DCAF456B}.Debug|Any CPU.Build.0 = Debug|Any CPU
		{A420E2DB-54A4-4E53-AA95-65F5DCAF456B}.Release|Any CPU.ActiveCfg = Release|Any CPU
		{A420E2DB-54A4-4E53-AA95-65F5DCAF456B}.Release|Any CPU.Build.0 = Release|Any CPU
		{BBA37764-4CBB-4FA6-8218-99E02401FA25}.Debug|Any CPU.ActiveCfg = Debug|Any CPU
		{BBA37764-4CBB-4FA6-8218-99E02401FA25}.Debug|Any CPU.Build.0 = Debug|Any CPU
		{BBA37764-4CBB-4FA6-8218-99E02401FA25}.Release|Any CPU.ActiveCfg = Release|Any CPU
		{BBA37764-4CBB-4FA6-8218-99E02401FA25}.Release|Any CPU.Build.0 = Release|Any CPU
		{425A2DCD-0C6E-4983-8E57-58EBCECD859F}.Debug|Any CPU.ActiveCfg = Debug|Any CPU
		{425A2DCD-0C6E-4983-8E57-58EBCECD859F}.Debug|Any CPU.Build.0 = Debug|Any CPU
		{425A2DCD-0C6E-4983-8E57-58EBCECD859F}.Release|Any CPU.ActiveCfg = Release|Any CPU
		{425A2DCD-0C6E-4983-8E57-58EBCECD859F}.Release|Any CPU.Build.0 = Release|Any CPU
		{0C600C5B-6DC4-4D2D-8E2F-F121B11228FE}.Debug|Any CPU.ActiveCfg = Debug|Any CPU
		{0C600C5B-6DC4-4D2D-8E2F-F121B11228FE}.Debug|Any CPU.Build.0 = Debug|Any CPU
		{0C600C5B-6DC4-4D2D-8E2F-F121B11228FE}.Release|Any CPU.ActiveCfg = Release|Any CPU
		{0C600C5B-6DC4-4D2D-8E2F-F121B11228FE}.Release|Any CPU.Build.0 = Release|Any CPU
		{37671120-3111-4DA5-8E57-7CCF658F2ACC}.Debug|Any CPU.ActiveCfg = Debug|Any CPU
		{37671120-3111-4DA5-8E57-7CCF658F2ACC}.Debug|Any CPU.Build.0 = Debug|Any CPU
		{37671120-3111-4DA5-8E57-7CCF658F2ACC}.Release|Any CPU.ActiveCfg = Release|Any CPU
		{37671120-3111-4DA5-8E57-7CCF658F2ACC}.Release|Any CPU.Build.0 = Release|Any CPU
		{305FEF9A-AB91-45DE-9DA7-2E943192A754}.Debug|Any CPU.ActiveCfg = Debug|Any CPU
		{305FEF9A-AB91-45DE-9DA7-2E943192A754}.Debug|Any CPU.Build.0 = Debug|Any CPU
		{305FEF9A-AB91-45DE-9DA7-2E943192A754}.Release|Any CPU.ActiveCfg = Release|Any CPU
		{305FEF9A-AB91-45DE-9DA7-2E943192A754}.Release|Any CPU.Build.0 = Release|Any CPU
		{5B11F85A-0C56-43C4-A0E4-C0EFE2FE24E8}.Debug|Any CPU.ActiveCfg = Debug|Any CPU
		{5B11F85A-0C56-43C4-A0E4-C0EFE2FE24E8}.Debug|Any CPU.Build.0 = Debug|Any CPU
		{5B11F85A-0C56-43C4-A0E4-C0EFE2FE24E8}.Release|Any CPU.ActiveCfg = Release|Any CPU
		{5B11F85A-0C56-43C4-A0E4-C0EFE2FE24E8}.Release|Any CPU.Build.0 = Release|Any CPU
		{77AA4453-2089-4FDA-8DEF-7BB84B56FE82}.Debug|Any CPU.ActiveCfg = Debug|Any CPU
		{77AA4453-2089-4FDA-8DEF-7BB84B56FE82}.Debug|Any CPU.Build.0 = Debug|Any CPU
		{77AA4453-2089-4FDA-8DEF-7BB84B56FE82}.Release|Any CPU.ActiveCfg = Release|Any CPU
		{77AA4453-2089-4FDA-8DEF-7BB84B56FE82}.Release|Any CPU.Build.0 = Release|Any CPU
		{36D78266-B8EC-4D0D-B2CE-2C37EE017977}.Debug|Any CPU.ActiveCfg = Debug|Any CPU
		{36D78266-B8EC-4D0D-B2CE-2C37EE017977}.Debug|Any CPU.Build.0 = Debug|Any CPU
		{36D78266-B8EC-4D0D-B2CE-2C37EE017977}.Release|Any CPU.ActiveCfg = Release|Any CPU
		{36D78266-B8EC-4D0D-B2CE-2C37EE017977}.Release|Any CPU.Build.0 = Release|Any CPU
	EndGlobalSection
	GlobalSection(SolutionProperties) = preSolution
		HideSolutionNode = FALSE
	EndGlobalSection
	GlobalSection(ExtensibilityGlobals) = postSolution
		SolutionGuid = {EC57A41B-BD57-4548-85B1-402FDDC8AD77}
	EndGlobalSection
EndGlobal
